
Microsoft Visual Studio Solution File, Format Version 12.00
# Visual Studio Version 17
VisualStudioVersion = 17.0.31903.59
MinimumVisualStudioVersion = 10.0.40219.1
Project("{FAE04EC0-301F-11D3-BF4B-00C04F79EFBC}") = "TodoList.Api", "TodoList.Api\TodoList.Api.csproj", "{59AA9626-AD80-4581-84E1-B8CEB0EA616D}"
EndProject
Project("{FAE04EC0-301F-11D3-BF4B-00C04F79EFBC}") = "TodoList.Api.Tests", "TodoList.Api.Tests\TodoList.Api.Tests.csproj", "{1645FA72-77C4-4E9A-83BC-58E977E46B7A}"
EndProject
Global
	GlobalSection(SolutionConfigurationPlatforms) = preSolution
		Debug|Any CPU = Debug|Any CPU
		Debug|x64 = Debug|x64
		Debug|x86 = Debug|x86
		Release|Any CPU = Release|Any CPU
		Release|x64 = Release|x64
		Release|x86 = Release|x86
	EndGlobalSection
	GlobalSection(ProjectConfigurationPlatforms) = postSolution
		{59AA9626-AD80-4581-84E1-B8CEB0EA616D}.Debug|Any CPU.ActiveCfg = Debug|Any CPU
		{59AA9626-AD80-4581-84E1-B8CEB0EA616D}.Debug|Any CPU.Build.0 = Debug|Any CPU
		{59AA9626-AD80-4581-84E1-B8CEB0EA616D}.Debug|x64.ActiveCfg = Debug|Any CPU
		{59AA9626-AD80-4581-84E1-B8CEB0EA616D}.Debug|x64.Build.0 = Debug|Any CPU
		{59AA9626-AD80-4581-84E1-B8CEB0EA616D}.Debug|x86.ActiveCfg = Debug|Any CPU
		{59AA9626-AD80-4581-84E1-B8CEB0EA616D}.Debug|x86.Build.0 = Debug|Any CPU
		{59AA9626-AD80-4581-84E1-B8CEB0EA616D}.Release|Any CPU.ActiveCfg = Release|Any CPU
		{59AA9626-AD80-4581-84E1-B8CEB0EA616D}.Release|Any CPU.Build.0 = Release|Any CPU
		{59AA9626-AD80-4581-84E1-B8CEB0EA616D}.Release|x64.ActiveCfg = Release|Any CPU
		{59AA9626-AD80-4581-84E1-B8CEB0EA616D}.Release|x64.Build.0 = Release|Any CPU
		{59AA9626-AD80-4581-84E1-B8CEB0EA616D}.Release|x86.ActiveCfg = Release|Any CPU
		{59AA9626-AD80-4581-84E1-B8CEB0EA616D}.Release|x86.Build.0 = Release|Any CPU
		{1645FA72-77C4-4E9A-83BC-58E977E46B7A}.Debug|Any CPU.ActiveCfg = Debug|Any CPU
		{1645FA72-77C4-4E9A-83BC-58E977E46B7A}.Debug|Any CPU.Build.0 = Debug|Any CPU
		{1645FA72-77C4-4E9A-83BC-58E977E46B7A}.Debug|x64.ActiveCfg = Debug|Any CPU
		{1645FA72-77C4-4E9A-83BC-58E977E46B7A}.Debug|x64.Build.0 = Debug|Any CPU
		{1645FA72-77C4-4E9A-83BC-58E977E46B7A}.Debug|x86.ActiveCfg = Debug|Any CPU
		{1645FA72-77C4-4E9A-83BC-58E977E46B7A}.Debug|x86.Build.0 = Debug|Any CPU
		{1645FA72-77C4-4E9A-83BC-58E977E46B7A}.Release|Any CPU.ActiveCfg = Release|Any CPU
		{1645FA72-77C4-4E9A-83BC-58E977E46B7A}.Release|Any CPU.Build.0 = Release|Any CPU
		{1645FA72-77C4-4E9A-83BC-58E977E46B7A}.Release|x64.ActiveCfg = Release|Any CPU
		{1645FA72-77C4-4E9A-83BC-58E977E46B7A}.Release|x64.Build.0 = Release|Any CPU
		{1645FA72-77C4-4E9A-83BC-58E977E46B7A}.Release|x86.ActiveCfg = Release|Any CPU
		{1645FA72-77C4-4E9A-83BC-58E977E46B7A}.Release|x86.Build.0 = Release|Any CPU
	EndGlobalSection
	GlobalSection(SolutionProperties) = preSolution
		HideSolutionNode = FALSE
	EndGlobalSection
EndGlobal
